
Microsoft Visual Studio Solution File, Format Version 10.00
# Visual Studio 2008
Project("{8BC9CEB8-8B4A-11D0-8D11-00A0C91BC942}") = "owdenoise", "owdenoise.vcproj", "{5D4B7C1B-BB27-4226-97F8-744877F7A4BA}"
EndProject
Global
	GlobalSection(SolutionConfigurationPlatforms) = preSolution
		Debug|Win32 = Debug|Win32
		Debug|x64 = Debug|x64
		Release|Win32 = Release|Win32
		Release|x64 = Release|x64
	EndGlobalSection
	GlobalSection(ProjectConfigurationPlatforms) = postSolution
		{5D4B7C1B-BB27-4226-97F8-744877F7A4BA}.Debug|Win32.ActiveCfg = Debug|Win32
		{5D4B7C1B-BB27-4226-97F8-744877F7A4BA}.Debug|Win32.Build.0 = Debug|Win32
		{5D4B7C1B-BB27-4226-97F8-744877F7A4BA}.Debug|x64.ActiveCfg = Debug|x64
		{5D4B7C1B-BB27-4226-97F8-744877F7A4BA}.Debug|x64.Build.0 = Debug|x64
		{5D4B7C1B-BB27-4226-97F8-744877F7A4BA}.Release|Win32.ActiveCfg = Release|Win32
		{5D4B7C1B-BB27-4226-97F8-744877F7A4BA}.Release|Win32.Build.0 = Release|Win32
		{5D4B7C1B-BB27-4226-97F8-744877F7A4BA}.Release|x64.ActiveCfg = Release|x64
		{5D4B7C1B-BB27-4226-97F8-744877F7A4BA}.Release|x64.Build.0 = Release|x64
	EndGlobalSection
	GlobalSection(SolutionProperties) = preSolution
		HideSolutionNode = FALSE
	EndGlobalSection
EndGlobal
